
Microsoft Visual Studio Solution File, Format Version 12.00
# Visual Studio Version 16
VisualStudioVersion = 16.0.29911.84
MinimumVisualStudioVersion = 10.0.40219.1
Project("{9A19103F-16F7-4668-BE54-9A1E7A4F7556}") = "Muim.Dto", "Muim.Dto\Muim.Dto.csproj", "{DE0513FD-AF1D-40C3-BBE0-63C424E11FDC}"
EndProject
Project("{9A19103F-16F7-4668-BE54-9A1E7A4F7556}") = "Muim.Domain", "Muim.Domain\Muim.Domain.csproj", "{F6E0F559-7CC3-4D29-9361-DFB56F3AE38D}"
EndProject
Project("{9A19103F-16F7-4668-BE54-9A1E7A4F7556}") = "Muim.Aplication", "Muim.Aplication\Muim.Aplication.csproj", "{EF35911E-5F3D-47B4-A4A4-16639A4627E0}"
EndProject
Project("{9A19103F-16F7-4668-BE54-9A1E7A4F7556}") = "Muim.Data", "Muim.Data\Muim.Data.csproj", "{EF32BEB5-98CD-4511-8DAE-CA289A9AC849}"
EndProject
Project("{9A19103F-16F7-4668-BE54-9A1E7A4F7556}") = "Muim.Service", "Muim.Service\Muim.Service.csproj", "{916E3947-FB54-4A46-8C45-7E7C5FFC3DDE}"
EndProject
Project("{2150E333-8FDC-42A3-9474-1A3956D46DE8}") = "1.MuimAplication", "1.MuimAplication", "{A96609BE-F1C6-4D3E-AF7E-9029BDB6B432}"
EndProject
Project("{2150E333-8FDC-42A3-9474-1A3956D46DE8}") = "1.1MuimDto", "1.1MuimDto", "{DC496A3D-A99C-40BE-88A3-BFC2325094C2}"
EndProject
Project("{2150E333-8FDC-42A3-9474-1A3956D46DE8}") = "2.MuimService", "2.MuimService", "{D0A19622-9636-4BD6-AD37-7DAE23F56C9D}"
EndProject
Project("{2150E333-8FDC-42A3-9474-1A3956D46DE8}") = "3.MuimDomain", "3.MuimDomain", "{D2CC6D6C-C2B1-4A33-9A33-1EB2DE3C41D6}"
EndProject
Project("{2150E333-8FDC-42A3-9474-1A3956D46DE8}") = "4.MuimData", "4.MuimData", "{D741F466-A583-4AFC-B671-8ACD73843DFA}"
EndProject
Project("{9A19103F-16F7-4668-BE54-9A1E7A4F7556}") = "Muim.Data.ItegrationTests", "Muim.Data.ItegrationTests\Muim.Data.ItegrationTests.csproj", "{282DA97B-5612-4B24-8503-5E7F973ED729}"
EndProject
Project("{9A19103F-16F7-4668-BE54-9A1E7A4F7556}") = "Muim.Data.UnitTests", "Muim.Data.UnitTests\Muim.Data.UnitTests.csproj", "{FD67E92B-BD1F-49A7-95DB-036247EDE495}"
EndProject
Project("{FAE04EC0-301F-11D3-BF4B-00C04F79EFBC}") = "Muim.Service.Unit.Tests", "Muim.Service.Unit.Tests\Muim.Service.Unit.Tests.csproj", "{17141729-9CC7-4D4C-9478-2DC33A241351}"
EndProject
Global
	GlobalSection(SolutionConfigurationPlatforms) = preSolution
		Debug|Any CPU = Debug|Any CPU
		Release|Any CPU = Release|Any CPU
	EndGlobalSection
	GlobalSection(ProjectConfigurationPlatforms) = postSolution
		{DE0513FD-AF1D-40C3-BBE0-63C424E11FDC}.Debug|Any CPU.ActiveCfg = Debug|Any CPU
		{DE0513FD-AF1D-40C3-BBE0-63C424E11FDC}.Debug|Any CPU.Build.0 = Debug|Any CPU
		{DE0513FD-AF1D-40C3-BBE0-63C424E11FDC}.Release|Any CPU.ActiveCfg = Release|Any CPU
		{DE0513FD-AF1D-40C3-BBE0-63C424E11FDC}.Release|Any CPU.Build.0 = Release|Any CPU
		{F6E0F559-7CC3-4D29-9361-DFB56F3AE38D}.Debug|Any CPU.ActiveCfg = Debug|Any CPU
		{F6E0F559-7CC3-4D29-9361-DFB56F3AE38D}.Debug|Any CPU.Build.0 = Debug|Any CPU
		{F6E0F559-7CC3-4D29-9361-DFB56F3AE38D}.Release|Any CPU.ActiveCfg = Release|Any CPU
		{F6E0F559-7CC3-4D29-9361-DFB56F3AE38D}.Release|Any CPU.Build.0 = Release|Any CPU
		{EF35911E-5F3D-47B4-A4A4-16639A4627E0}.Debug|Any CPU.ActiveCfg = Debug|Any CPU
		{EF35911E-5F3D-47B4-A4A4-16639A4627E0}.Debug|Any CPU.Build.0 = Debug|Any CPU
		{EF35911E-5F3D-47B4-A4A4-16639A4627E0}.Release|Any CPU.ActiveCfg = Release|Any CPU
		{EF35911E-5F3D-47B4-A4A4-16639A4627E0}.Release|Any CPU.Build.0 = Release|Any CPU
		{EF32BEB5-98CD-4511-8DAE-CA289A9AC849}.Debug|Any CPU.ActiveCfg = Debug|Any CPU
		{EF32BEB5-98CD-4511-8DAE-CA289A9AC849}.Debug|Any CPU.Build.0 = Debug|Any CPU
		{EF32BEB5-98CD-4511-8DAE-CA289A9AC849}.Release|Any CPU.ActiveCfg = Release|Any CPU
		{EF32BEB5-98CD-4511-8DAE-CA289A9AC849}.Release|Any CPU.Build.0 = Release|Any CPU
		{916E3947-FB54-4A46-8C45-7E7C5FFC3DDE}.Debug|Any CPU.ActiveCfg = Debug|Any CPU
		{916E3947-FB54-4A46-8C45-7E7C5FFC3DDE}.Debug|Any CPU.Build.0 = Debug|Any CPU
		{916E3947-FB54-4A46-8C45-7E7C5FFC3DDE}.Release|Any CPU.ActiveCfg = Release|Any CPU
		{916E3947-FB54-4A46-8C45-7E7C5FFC3DDE}.Release|Any CPU.Build.0 = Release|Any CPU
		{282DA97B-5612-4B24-8503-5E7F973ED729}.Debug|Any CPU.ActiveCfg = Debug|Any CPU
		{282DA97B-5612-4B24-8503-5E7F973ED729}.Debug|Any CPU.Build.0 = Debug|Any CPU
		{282DA97B-5612-4B24-8503-5E7F973ED729}.Release|Any CPU.ActiveCfg = Release|Any CPU
		{282DA97B-5612-4B24-8503-5E7F973ED729}.Release|Any CPU.Build.0 = Release|Any CPU
		{FD67E92B-BD1F-49A7-95DB-036247EDE495}.Debug|Any CPU.ActiveCfg = Debug|Any CPU
		{FD67E92B-BD1F-49A7-95DB-036247EDE495}.Debug|Any CPU.Build.0 = Debug|Any CPU
		{FD67E92B-BD1F-49A7-95DB-036247EDE495}.Release|Any CPU.ActiveCfg = Release|Any CPU
		{FD67E92B-BD1F-49A7-95DB-036247EDE495}.Release|Any CPU.Build.0 = Release|Any CPU
		{17141729-9CC7-4D4C-9478-2DC33A241351}.Debug|Any CPU.ActiveCfg = Debug|Any CPU
		{17141729-9CC7-4D4C-9478-2DC33A241351}.Debug|Any CPU.Build.0 = Debug|Any CPU
		{17141729-9CC7-4D4C-9478-2DC33A241351}.Release|Any CPU.ActiveCfg = Release|Any CPU
		{17141729-9CC7-4D4C-9478-2DC33A241351}.Release|Any CPU.Build.0 = Release|Any CPU
	EndGlobalSection
	GlobalSection(SolutionProperties) = preSolution
		HideSolutionNode = FALSE
	EndGlobalSection
	GlobalSection(NestedProjects) = preSolution
		{DE0513FD-AF1D-40C3-BBE0-63C424E11FDC} = {DC496A3D-A99C-40BE-88A3-BFC2325094C2}
		{F6E0F559-7CC3-4D29-9361-DFB56F3AE38D} = {D2CC6D6C-C2B1-4A33-9A33-1EB2DE3C41D6}
		{EF35911E-5F3D-47B4-A4A4-16639A4627E0} = {A96609BE-F1C6-4D3E-AF7E-9029BDB6B432}
		{EF32BEB5-98CD-4511-8DAE-CA289A9AC849} = {D741F466-A583-4AFC-B671-8ACD73843DFA}
		{916E3947-FB54-4A46-8C45-7E7C5FFC3DDE} = {D0A19622-9636-4BD6-AD37-7DAE23F56C9D}
		{282DA97B-5612-4B24-8503-5E7F973ED729} = {D741F466-A583-4AFC-B671-8ACD73843DFA}
		{FD67E92B-BD1F-49A7-95DB-036247EDE495} = {D741F466-A583-4AFC-B671-8ACD73843DFA}
		{17141729-9CC7-4D4C-9478-2DC33A241351} = {D0A19622-9636-4BD6-AD37-7DAE23F56C9D}
	EndGlobalSection
	GlobalSection(ExtensibilityGlobals) = postSolution
		SolutionGuid = {60B57846-9ADD-49B5-BF4C-2396B0A8A250}
	EndGlobalSection
EndGlobal
